{
  "name": "size-limitation-of-codesandbox",
  "version": "1.0.0",
  "lockfileVersion": 1,
  "requires": true,
  "dependencies": {
    "test-size-limitation-of-codesandbox": {
      "version": "1.0.0",
      "resolved": "https://registry.npmjs.org/test-size-limitation-of-codesandbox/-/test-size-limitation-of-codesandbox-1.0.0.tgz",
      "integrity": "sha512-Czz+ckb3Tu4JdKevb2k4JX95QdnXRNA41aURM3/iip+ee4awE5I1nui78QXI3je76msDXOk1EoQKIg2iyIiE3Q=="
    }
  }
}
